?‰Eé}^ŒËô*—ûõBòÎ``i£§uÖ|XJ”–uò8³OXÚ›£ä]¹|2J+I9NcMAî>#žeþsÏ¹Ýâ«7ô‡·Î8‡b]û¬Œ/éOºÝ¯^Ä²ïÜšX=¹Í ¯<±‚ë#’:zoøq{Xû“A¹¬ÜÒ”¸4?8Úá'žwâ	*ì†ÆêÚãXÕîLÖSD–ÜŽÓâ'RÐë}šdÆÔëéÁ„N’yOªÜsI™,•Éf19-š+·¼œKVú‰ÔêéÇ€/	w¸+îiÇ’?rÚyÚ”%…9‹®_+÷\M1;¸#†êÔç|û‰&¾0îˆD?ÀŽ¦(a·q=I^ÒÅh\ˆæ•²¬Y@W$Rø…¡™Ö¸&¿RÜ@¶­ßÉƒâÞP„™†0†`ø;
ˆ´Á˜#½÷^ÑóC¶’rÆÖ^MùÚ¤#Nˆ7Ç¡5È¨šJVµé¿ë¿6J£mûipP¨˜i¡©ÂHkåMN6–#EHºS³4Õs±ì«›“I)þ–¦Æ³O<õR™%Š«g•ûÑŒ™^Ó¯*ñ7»$Ž-·½µ°•	îì§cìÕÔ¨{eBó˜.¬_wí7v¼Ö7alIömÖ…±U3fiáST[³X°ØîÛ˜‰=a¸%S¤uXPr6¼OÚÓ*phdpè1¼‡‹“{gÜË·²t;/ Æ:nÇn·²I8A9wÌ¿½¢óÉmÜ'´§ ÙÅ²‚ç÷
.PhöH¡}”<–—b<XŠœóÁ[99êÕ\}ˆ_P1štUBMŒê¿Í¡uqŽÎÄËÞÂQOLiS°{ßz¥2Çò:^K{éH«ÝÕ¯‘;|j-­Ûo/B„lŽmBoÔ!îzé+¯¤ç)ÎÞœZ‚Ë©,VæÐM§è »Ø:‹Ëù½ƒðÏ‚¿S®{k'ßÛU§3'Ó—2‹ZŽþFUFô‰×¦­þÇnºØâÂõý8Ó¢wñÌ_VYè¾	páMÍ%eãLØ­ZïIÃ6õªW—Dà~ƒ;Ô.o-ÃH—¡z&gsGLŠŸoèùº a´bÕC¼1¯'Y9\áb™YŽÒiá§lùÅÙñ­ƒ	TÐè&ŠÊ»œß|tfrV‚#lÕgkå8ªV•äÊò¤GÙïyì•*ª‹²cH²Æw6Ag*Mõ¯ÑÓÇ$‹ï/nÈ_Õ_!Oé+Ÿ<ýxgyIU9'ÕðÙŠ‚¹6ácš"úmƒÅZÜI4œg¶±Hô?²aà.`0škæm½÷…âþgûàÇÜß+TÔß9áû;»YUßÿì”ö.Ô;sâñ=e~T¢Vq½±…H¤vB–ÙL"©zÚôIiœ