before{content:"\25"}.fa-male:before,.fa-person:before{content:"\f183"}.fa-biking:before,.fa-person-biking:before{content:"\f84a"}.fa-person-booth:before{content:"\f756"}.fa-diagnoses:before,.fa-person-dots-from-line:before{content:"\f470"}.fa-female:before,.fa-person-dress:before{content:"\f182"}.fa-hiking:before,.fa-person-hiking:before{content:"\f6ec"}.fa-person-praying:before,.fa-pray:before{content:"\f683"}.fa-person-running:before,.fa-running:before{content:"\f70c"}.fa-person-skating:before,.fa-skating:before{content:"\f7c5"}.fa-person-skiing:before,.fa-skiing:before{content:"\f7c9"}.fa-person-skiing-nordic:before,.fa-skiing-nordic:before{content:"\f7ca"}.fa-person-snowboarding:before,.fa-snowboarding:before{content:"\f7ce"}.fa-person-swimming:before,.fa-swimmer:before{content:"\f5c4"}.fa-person-walking:before,.fa-walking:before{content:"\f554"}.fa-blind:before,.fa-person-walking-with-cane:before{content:"\f29d"}.fa-peseta-sign:before{content:"\e221"}.fa-peso-sign:before{content:"\e222"}.fa-phone:before{content:"\f095"}.fa-phone-alt:before,.fa-phone-flip:before{content:"\